PODS:
  - Nimble (5.0.0)
  - Phaedo (0.1.0)
  - Quick (0.10.0)

DEPENDENCIES:
  - Nimble (~> 5.0)
  - Phaedo (from `../`)
  - Quick (~> 0.10)

EXTERNAL SOURCES:
  Phaedo:
    :path: "../"

SPEC CHECKSUMS:
  Nimble: 56fc9f5020effa2206de22c3dd910f4fb011b92f
  Phaedo: f688028b868fb4647501ccc78e3e18ba13e34835
  Quick: 5d290df1c69d5ee2f0729956dcf0fd9a30447eaa

PODFILE CHECKSUM: fd867aaa8ff31ce3563cbfac5a5b2d7fe663910c

COCOAPODS: 1.1.0.rc.3
